// !$*UTF8*$!
{
	archiveVersion = 1;
	classes = {
	};
	objectVersion = 46;
	objects = {

/* Begin PBXBuildFile section */
		4CA173E018D7E21A002BA171 /* Foundation.framework in Frameworks */ = {isa = PBXBuildFile; fileRef = 4CA173DF18D7E21A002BA171 /* Foundation.framework */; };
		4CA173E318D7E21A002BA171 /* main.m in Sources */ = {isa = PBXBuildFile; fileRef = 4CA173E218D7E21A002BA171 /* main.m */; };
		4CA173E718D7E21A002BA171 /* JsonTransfer.1 in CopyFiles */ = {isa = PBXBuildFile; fileRef = 4CA173E618D7E21A002BA171 /* JsonTransfer.1 */; };
		4CA173FD18D7EA57002BA171 /* job_mode.js in CopyFiles */ = {isa = PBXBuildFile; fileRef = 4CA173ED18D7E4B7002BA171 /* job_mode.js */; };
		4CA173FE18D7EA57002BA171 /* location_ex.js in CopyFiles */ = {isa = PBXBuildFile; fileRef = 4CA173EE18D7E4B7002BA171 /* location_ex.js */; };
		4CA173FF18D7EA57002BA171 /* location_metro.js in CopyFiles */ = {isa = PBXBuildFile; fileRef = 4CA173EF18D7E4B7002BA171 /* location_metro.js */; };
		4CA1740018D7EA57002BA171 /* work_mode.js in CopyFiles */ = {isa = PBXBuildFile; fileRef = 4CA173F018D7E4B7002BA171 /* work_mode.js */; };
		4CA1740318D7EC34002BA171 /* JSONNode.m in Sources */ = {isa = PBXBuildFile; fileRef = 4CA1740218D7EC34002BA171 /* JSONNode.m */; };
/* End PBXBuildFile section */

/* Begin PBXCopyFilesBuildPhase section */
		4CA173DA18D7E21A002BA171 /* CopyFiles */ = {
			isa = PBXCopyFilesBuildPhase;
			buildActionMask = 12;
			dstPath = "";
			dstSubfolderSpec = 16;
			files = (
				4CA173FD18D7EA57002BA171 /* job_mode.js in CopyFiles */,
				4CA173FE18D7EA57002BA171 /* location_ex.js in CopyFiles */,
				4CA173FF18D7EA57002BA171 /* location_metro.js in CopyFiles */,
				4CA1740018D7EA57002BA171 /* work_mode.js in CopyFiles */,
				4CA173E718D7E21A002BA171 /* JsonTransfer.1 in CopyFiles */,
			);
			runOnlyForDeploymentPostprocessing = 0;
		};
/* End PBXCopyFilesBuildPhase section */

/* Begin PBXFileReference section */
		4CA173DC18D7E21A002BA171 /* JsonTransfer */ = {isa = PBXFileReference; explicitFileType = "compiled.mach-o.executable"; includeInIndex = 0; path = JsonTransfer; sourceTree = BUILT_PRODUCTS_DIR; };
		4CA173DF18D7E21A002BA171 /* Foundation.framework */ = {isa = PBXFileReference; lastKnownFileType = wrapper.framework; name = Foundation.framework; path = System/Library/Frameworks/Foundation.framework; sourceTree = SDKROOT; };
		4CA173E218D7E21A002BA171 /* main.m */ = {isa = PBXFileReference; lastKnownFileType = sourcecode.c.objc; path = main.m; sourceTree = "<group>"; };
		4CA173E518D7E21A002BA171 /* JsonTransfer-Prefix.pch */ = {isa = PBXFileReference; lastKnownFileType = sourcecode.c.h; path = "JsonTransfer-Prefix.pch"; sourceTree = "<group>"; };
		4CA173E618D7E21A002BA171 /* JsonTransfer.1 */ = {isa = PBXFileReference; lastKnownFileType = text.man; path = JsonTransfer.1; sourceTree = "<group>"; };
		4CA173ED18D7E4B7002BA171 /* job_mode.js */ = {isa = PBXFileReference; fileEncoding = 4; lastKnownFileType = sourcecode.javascript; path = job_mode.js; sourceTree = SOURCE_ROOT; };
		4CA173EE18D7E4B7002BA171 /* location_ex.js */ = {isa = PBXFileReference; fileEncoding = 4; lastKnownFileType = sourcecode.javascript; path = location_ex.js; sourceTree = SOURCE_ROOT; };
		4CA173EF18D7E4B7002BA171 /* location_metro.js */ = {isa = PBXFileReference; fileEncoding = 4; lastKnownFileType = sourcecode.javascript; path = location_metro.js; sourceTree = SOURCE_ROOT; };
		4CA173F018D7E4B7002BA171 /* work_mode.js */ = {isa = PBXFileReference; fileEncoding = 4; lastKnownFileType = sourcecode.javascript; path = work_mode.js; sourceTree = SOURCE_ROOT; };
		4CA1740118D7EC34002BA171 /* JSONNode.h */ = {isa = PBXFileReference; fileEncoding = 4; lastKnownFileType = sourcecode.c.h; path = JSONNode.h; sourceTree = "<group>"; };
		4CA1740218D7EC34002BA171 /* JSONNode.m */ = {isa = PBXFileReference; fileEncoding = 4; lastKnownFileType = sourcecode.c.objc; path = JSONNode.m; sourceTree = "<group>"; };
/* End PBXFileReference section */

/* Begin PBXFrameworksBuildPhase section */
		4CA173D918D7E21A002BA171 /* Frameworks */ = {
			isa = PBXFrameworksBuildPhase;
			buildActionMask = 2147483647;
			files = (
				4CA173E018D7E21A002BA171 /* Foundation.framework in Frameworks */,
			);
			runOnlyForDeploymentPostprocessing = 0;
		};
/* End PBXFrameworksBuildPhase section */

/* Begin PBXGroup section */
		4CA173D318D7E21A002BA171 = {
			isa = PBXGroup;
			children = (
				4CA173E118D7E21A002BA171 /* JsonTransfer */,
				4CA173DE18D7E21A002BA171 /* Frameworks */,
				4CA173DD18D7E21A002BA171 /* Products */,
			);
			sourceTree = "<group>";
		};
		4CA173DD18D7E21A002BA171 /* Products */ = {
			isa = PBXGroup;
			children = (
				4CA173DC18D7E21A002BA171 /* JsonTransfer */,
			);
			name = Products;
			sourceTree = "<group>";
		};
		4CA173DE18D7E21A002BA171 /* Frameworks */ = {
			isa = PBXGroup;
			children = (
				4CA173DF18D7E21A002BA171 /* Foundation.framework */,
			);
			name = Frameworks;
			sourceTree = "<group>";
		};
		4CA173E118D7E21A002BA171 /* JsonTransfer */ = {
			isa = PBXGroup;
			children = (
				4CA173ED18D7E4B7002BA171 /* job_mode.js */,
				4CA173EE18D7E4B7002BA171 /* location_ex.js */,
				4CA173EF18D7E4B7002BA171 /* location_metro.js */,
				4CA173F018D7E4B7002BA171 /* work_mode.js */,
				4CA173E218D7E21A002BA171 /* main.m */,
				4CA173E618D7E21A002BA171 /* JsonTransfer.1 */,
				4CA173E418D7E21A002BA171 /* Supporting Files */,
				4CA1740118D7EC34002BA171 /* JSONNode.h */,
				4CA1740218D7EC34002BA171 /* JSONNode.m */,
			);
			path = JsonTransfer;
			sourceTree = "<group>";
		};
		4CA173E418D7E21A002BA171 /* Supporting Files */ = {
			isa = PBXGroup;
			children = (
				4CA173E518D7E21A002BA171 /* JsonTransfer-Prefix.pch */,
			);
			name = "Supporting Files";
			sourceTree = "<group>";
		};
/* End PBXGroup section */

/* Begin PBXNativeTarget section */
		4CA173DB18D7E21A002BA171 /* JsonTransfer */ = {
			isa = PBXNativeTarget;
			buildConfigurationList = 4CA173EA18D7E21A002BA171 /* Build configuration list for PBXNativeTarget "JsonTransfer" */;
			buildPhases = (
				4CA173D818D7E21A002BA171 /* Sources */,
				4CA173D918D7E21A002BA171 /* Frameworks */,
				4CA173DA18D7E21A002BA171 /* CopyFiles */,
			);
			buildRules = (
			);
			dependencies = (
			);
			name = JsonTransfer;
			productName = JsonTransfer;
			productReference = 4CA173DC18D7E21A002BA171 /* JsonTransfer */;
			productType = "com.apple.product-type.tool";
		};
/* End PBXNativeTarget section */

/* Begin PBXProject section */
		4CA173D418D7E21A002BA171 /* Project object */ = {
			isa = PBXProject;
			attributes = {
				LastUpgradeCheck = 0510;
				ORGANIZATIONNAME = "Shawn Hung";
			};
			buildConfigurationList = 4CA173D718D7E21A002BA171 /* Build configuration list for PBXProject "JsonTransfer" */;
			compatibilityVersion = "Xcode 3.2";
			developmentRegion = English;
			hasScannedForEncodings = 0;
			knownRegions = (
				en,
			);
			mainGroup = 4CA173D318D7E21A002BA171;
			productRefGroup = 4CA173DD18D7E21A002BA171 /* Products */;
			projectDirPath = "";
			projectRoot = "";
			targets = (
				4CA173DB18D7E21A002BA171 /* JsonTransfer */,
			);
		};
/* End PBXProject section */

/* Begin PBXSourcesBuildPhase section */
		4CA173D818D7E21A002BA171 /* Sources */ = {
			isa = PBXSourcesBuildPhase;
			buildActionMask = 2147483647;
			files = (
				4CA173E318D7E21A002BA171 /* main.m in Sources */,
				4CA1740318D7EC34002BA171 /* JSONNode.m in Sources */,
			);
			runOnlyForDeploymentPostprocessing = 0;
		};
/* End PBXSourcesBuildPhase section */

/* Begin XCBuildConfiguration section */
		4CA173E818D7E21A002BA171 /* Debug */ = {
			isa = XCBuildConfiguration;
			buildSettings = {
				ALWAYS_SEARCH_USER_PATHS = NO;
				CLANG_CXX_LANGUAGE_STANDARD = "gnu++0x";
				CLANG_CXX_LIBRARY = "libc++";
				CLANG_ENABLE_MODULES = YES;
				CLANG_ENABLE_OBJC_ARC = YES;
				CLANG_WARN_BOOL_CONVERSION = YES;
				CLANG_WARN_CONSTANT_CONVERSION = YES;
				CLANG_WARN_DIRECT_OBJC_ISA_USAGE = YES_ERROR;
				CLANG_WARN_EMPTY_BODY = YES;
				CLANG_WARN_ENUM_CONVERSION = YES;
				CLANG_WARN_INT_CONVERSION = YES;
				CLANG_WARN_OBJC_ROOT_CLASS = YES_ERROR;
				CLANG_WARN__DUPLICATE_METHOD_MATCH = YES;
				COPY_PHASE_STRIP = NO;
				GCC_C_LANGUAGE_STANDARD = gnu99;
				GCC_DYNAMIC_NO_PIC = NO;
				GCC_ENABLE_OBJC_EXCEPTIONS = YES;
				GCC_OPTIMIZATION_LEVEL = 0;
				GCC_PREPROCESSOR_DEFINITIONS = (
					"DEBUG=1",
					"$(inherited)",
				);
				GCC_SYMBOLS_PRIVATE_EXTERN = NO;
				GCC_WARN_64_TO_32_BIT_CONVERSION = YES;
				GCC_WARN_ABOUT_RETURN_TYPE = YES_ERROR;
				GCC_WARN_UNDECLARED_SELECTOR = YES;
				GCC_WARN_UNINITIALIZED_AUTOS = YES_AGGRESSIVE;
				GCC_WARN_UNUSED_FUNCTION = YES;
				GCC_WARN_UNUSED_VARIABLE = YES;
				MACOSX_DEPLOYMENT_TARGET = 10.9;
				ONLY_ACTIVE_ARCH = YES;
				SDKROOT = macosx;
			};
			name = Debug;
		};
		4CA173E918D7E21A002BA171 /* Release */ = {
			isa = XCBuildConfiguration;
			buildSettings = {
				ALWAYS_SEARCH_USER_PATHS = NO;
				CLANG_CXX_LANGUAGE_STANDARD = "gnu++0x";
				CLANG_CXX_LIBRARY = "libc++";
				CLANG_ENABLE_MODULES = YES;
				CLANG_ENABLE_OBJC_ARC = YES;
				CLANG_WARN_BOOL_CONVERSION = YES;
				CLANG_WARN_CONSTANT_CONVERSION = YES;
				CLANG_WARN_DIRECT_OBJC_ISA_USAGE = YES_ERROR;
				CLANG_WARN_EMPTY_BODY = YES;
				CLANG_WARN_ENUM_CONVERSION = YES;
				CLANG_WARN_INT_CONVERSION = YES;
				CLANG_WARN_OBJC_ROOT_CLASS = YES_ERROR;
				CLANG_WARN__DUPLICATE_METHOD_MATCH = YES;
				COPY_PHASE_STRIP = YES;
				DEBUG_INFORMATION_FORMAT = "dwarf-with-dsym";
				ENABLE_NS_ASSERTIONS = NO;
				GCC_C_LANGUAGE_STANDARD = gnu99;
				GCC_ENABLE_OBJC_EXCEPTIONS = YES;
				GCC_WARN_64_TO_32_BIT_CONVERSION = YES;
				GCC_WARN_ABOUT_RETURN_TYPE = YES_ERROR;
				GCC_WARN_UNDECLARED_SELECTOR = YES;
				GCC_WARN_UNINITIALIZED_AUTOS = YES_AGGRESSIVE;
				GCC_WARN_UNUSED_FUNCTION = YES;
				GCC_WARN_UNUSED_VARIABLE = YES;
				MACOSX_DEPLOYMENT_TARGET = 10.9;
				SDKROOT = macosx;
			};
			name = Release;
		};
		4CA173EB18D7E21A002BA171 /* Debug */ = {
			isa = XCBuildConfiguration;
			buildSettings = {
				GCC_PRECOMPILE_PREFIX_HEADER = YES;
				GCC_PREFIX_HEADER = "JsonTransfer/JsonTransfer-Prefix.pch";
				PRODUCT_NAME = "$(TARGET_NAME)";
			};
			name = Debug;
		};
		4CA173EC18D7E21A002BA171 /* Release */ = {
			isa = XCBuildConfiguration;
			buildSettings = {
				GCC_PRECOMPILE_PREFIX_HEADER = YES;
				GCC_PREFIX_HEADER = "JsonTransfer/JsonTransfer-Prefix.pch";
				PRODUCT_NAME = "$(TARGET_NAME)";
			};
			name = Release;
		};
/* End XCBuildConfiguration section */

/* Begin XCConfigurationList section */
		4CA173D718D7E21A002BA171 /* Build configuration list for PBXProject "JsonTransfer" */ = {
			isa = XCConfigurationList;
			buildConfigurations = (
				4CA173E818D7E21A002BA171 /* Debug */,
				4CA173E918D7E21A002BA171 /* Release */,
			);
			defaultConfigurationIsVisible = 0;
			defaultConfigurationName = Release;
		};
		4CA173EA18D7E21A002BA171 /* Build configuration list for PBXNativeTarget "JsonTransfer" */ = {
			isa = XCConfigurationList;
			buildConfigurations = (
				4CA173EB18D7E21A002BA171 /* Debug */,
				4CA173EC18D7E21A002BA171 /* Release */,
			);
			defaultConfigurationIsVisible = 0;
			defaultConfigurationName = Release;
		};
/* End XCConfigurationList section */
	};
	rootObject = 4CA173D418D7E21A002BA171 /* Project object */;
}
